<?xml version="1.0" encoding="utf-8"?>
<Project ToolsVersion="4.0" xmlns="http://schemas.microsoft.com/developer/msbuild/2003">
  <ItemGroup>
    <Filter Include="Source Files">
      <UniqueIdentifier>{4FC737F1-C7A5-4376-A066-2A32D752A2FF}</UniqueIdentifier>
      <Extensions>cpp;c;cc;cxx;c++;cppm;ixx;def;odl;idl;hpj;bat;asm;asmx</Extensions>
    </Filter>
    <Filter Include="Header Files">
      <UniqueIdentifier>{93995380-89BD-4b04-88EB-625FBE52EBFB}</UniqueIdentifier>
      <Extensions>h;hh;hpp;hxx;h++;hm;inl;inc;ipp;xsd</Extensions>
    </Filter>
    <Filter Include="Resource Files">
      <UniqueIdentifier>{67DA6AB6-F800-4c08-8B7A-83BB121AAD01}</UniqueIdentifier>
      <Extensions>rc;ico;cur;bmp;dlg;rc2;rct;bin;rgs;gif;jpg;jpeg;jpe;resx;tiff;tif;png;wav;mfcribbon-ms</Extensions>
    </Filter>
    <Filter Include="Source Files\app">
      <UniqueIdentifier>{add51925-61ae-46f6-a6c7-f87ef9409c9f}</UniqueIdentifier>
    </Filter>
    <Filter Include="Source Files\comm">
      <UniqueIdentifier>{2aa2ee3a-7efc-4ede-88da-ae0e73bb60e9}</UniqueIdentifier>
    </Filter>
    <Filter Include="Source Files\camera">
      <UniqueIdentifier>{13e4c75c-d19e-4f15-9a21-653554dd0761}</UniqueIdentifier>
    </Filter>
    <Filter Include="Source Files\core">
      <UniqueIdentifier>{fd956cc1-af76-4d93-838c-bd40fbcd8939}</UniqueIdentifier>
    </Filter>
    <Filter Include="Source Files\logging">
      <UniqueIdentifier>{71c4782c-baae-425e-bb22-ff6b220eeeca}</UniqueIdentifier>
    </Filter>
  </ItemGroup>
  <ItemGroup>
    <ClInclude Include="framework.h">
      <Filter>Header Files</Filter>
    </ClInclude>
    <ClInclude Include="targetver.h">
      <Filter>Header Files</Filter>
    </ClInclude>
    <ClInclude Include="Resource.h">
      <Filter>Header Files</Filter>
    </ClInclude>
    <ClInclude Include="Perceptrum.h">
      <Filter>Header Files</Filter>
    </ClInclude>
    <ClInclude Include="app\PairingDialog.h">
      <Filter>Source Files\app</Filter>
    </ClInclude>
    <ClInclude Include="app\TrayIcon.h">
      <Filter>Source Files\app</Filter>
    </ClInclude>
    <ClInclude Include="comm\PairingClient.h">
      <Filter>Source Files\comm</Filter>
    </ClInclude>
    <ClInclude Include="comm\BackendConfig.h">
      <Filter>Source Files\comm</Filter>
    </ClInclude>
    <ClInclude Include="core\AgentCore.h">
      <Filter>Source Files\core</Filter>
    </ClInclude>
    <ClInclude Include="camera\CameraConfig.h">
      <Filter>Source Files\camera</Filter>
    </ClInclude>
    <ClInclude Include="camera\CameraSession.h">
      <Filter>Source Files\camera</Filter>
    </ClInclude>
    <ClInclude Include="logging\Logging.h">
      <Filter>Source Files\logging</Filter>
    </ClInclude>
    <ClInclude Include="camera\Frame.h">
      <Filter>Source Files\camera</Filter>
    </ClInclude>
    <ClInclude Include="camera\FrameBuffer.h">
      <Filter>Source Files\camera</Filter>
    </ClInclude>
    <ClInclude Include="camera\MotionDetector.h">
      <Filter>Source Files\camera</Filter>
    </ClInclude>
    <ClInclude Include="camera\RtspCapture.h">
      <Filter>Source Files\camera</Filter>
    </ClInclude>
    <ClInclude Include="camera\FrameDiskWriter.h">
      <Filter>Source Files\camera</Filter>
    </ClInclude>
    <ClInclude Include="core\Localization.h">
      <Filter>Source Files\core</Filter>
    </ClInclude>
    <ClInclude Include="comm\TelegramNotifier.h">
      <Filter>Source Files\comm</Filter>
    </ClInclude>
    <ClInclude Include="comm\TelegramSettings.h">
      <Filter>Source Files\comm</Filter>
    </ClInclude>
    <ClInclude Include="comm\PgClient.h">
      <Filter>Source Files\comm</Filter>
    </ClInclude>
    <ClInclude Include="jobs\JobPayloadParser.h">
      <Filter>Header Files</Filter>
    </ClInclude>
    <ClInclude Include="jobs\JobRuntime.h">
      <Filter>Header Files</Filter>
    </ClInclude>
    <ClInclude Include="jobs\JobTypes.h">
      <Filter>Header Files</Filter>
    </ClInclude>
    <ClInclude Include="camera\PerfMetrics.h">
      <Filter>Header Files</Filter>
    </ClInclude>
    <ClInclude Include="core\TemporalEngine.h">
      <Filter>Header Files</Filter>
    </ClInclude>
  </ItemGroup>
  <ItemGroup>
    <ClCompile Include="Perceptrum.cpp">
      <Filter>Source Files</Filter>
    </ClCompile>
    <ClCompile Include="app\PairingDialog.cpp">
      <Filter>Source Files\app</Filter>
    </ClCompile>
    <ClCompile Include="app\TrayIcon.cpp">
      <Filter>Source Files\app</Filter>
    </ClCompile>
    <ClCompile Include="comm\PairingClient.cpp">
      <Filter>Source Files\comm</Filter>
    </ClCompile>
    <ClCompile Include="core\AgentCore.cpp">
      <Filter>Source Files\core</Filter>
    </ClCompile>
    <ClCompile Include="camera\CameraSession.cpp">
      <Filter>Source Files\camera</Filter>
    </ClCompile>
    <ClCompile Include="logging\Logging.cpp">
      <Filter>Source Files\logging</Filter>
    </ClCompile>
    <ClCompile Include="camera\FrameBuffer.cpp">
      <Filter>Source Files\camera</Filter>
    </ClCompile>
    <ClCompile Include="camera\MotionDetector.cpp">
      <Filter>Source Files\camera</Filter>
    </ClCompile>
    <ClCompile Include="camera\RtspCapture.cpp">
      <Filter>Source Files\camera</Filter>
    </ClCompile>
    <ClCompile Include="camera\FrameDiskWriter.cpp">
      <Filter>Source Files\camera</Filter>
    </ClCompile>
    <ClCompile Include="comm\TelegramNotifier.cpp">
      <Filter>Source Files\comm</Filter>
    </ClCompile>
    <ClCompile Include="comm\TelegramNotifierSendVideo.cpp">
      <Filter>Source Files\comm</Filter>
    </ClCompile>
    <ClCompile Include="jobs\JobPayloadParser.cpp">
      <Filter>Source Files</Filter>
    </ClCompile>
    <ClCompile Include="jobs\JobRuntime.cpp">
      <Filter>Source Files</Filter>
    </ClCompile>
  </ItemGroup>
  <ItemGroup>
    <ResourceCompile Include="Perceptrum.rc">
      <Filter>Resource Files</Filter>
    </ResourceCompile>
  </ItemGroup>
  <ItemGroup>
    <Image Include="small.ico">
      <Filter>Resource Files</Filter>
    </Image>
    <Image Include="Perceptrum.ico">
      <Filter>Resource Files</Filter>
    </Image>
  </ItemGroup>
  <ItemGroup>
    <None Include="..\x64\Release\Release.zip">
      <Filter>Source Files\camera</Filter>
    </None>
  </ItemGroup>
</Project>
